// !$*UTF8*$!
{
	archiveVersion = 1;
	classes = {
	};
	objectVersion = 56;
	objects = {

/* Begin PBXBuildFile section */
		50AB2ED12B5FE0B2001D4D2C /* DropDownMenuTutorialApp.swift in Sources */ = {isa = PBXBuildFile; fileRef = 50AB2ED02B5FE0B2001D4D2C /* DropDownMenuTutorialApp.swift */; };
		50AB2ED32B5FE0B2001D4D2C /* ContentView.swift in Sources */ = {isa = PBXBuildFile; fileRef = 50AB2ED22B5FE0B2001D4D2C /* ContentView.swift */; };
		50AB2ED52B5FE0B3001D4D2C /* Assets.xcassets in Resources */ = {isa = PBXBuildFile; fileRef = 50AB2ED42B5FE0B3001D4D2C /* Assets.xcassets */; };
		50AB2ED82B5FE0B3001D4D2C /* Preview Assets.xcassets in Resources */ = {isa = PBXBuildFile; fileRef = 50AB2ED72B5FE0B3001D4D2C /* Preview Assets.xcassets */; };
		50AB2EE12B5FE12C001D4D2C /* DropDownView.swift in Sources */ = {isa = PBXBuildFile; fileRef = 50AB2EE02B5FE12C001D4D2C /* DropDownView.swift */; };
		50AB2EE32B611852001D4D2C /* ImageSliderView.swift in Sources */ = {isa = PBXBuildFile; fileRef = 50AB2EE22B611852001D4D2C /* ImageSliderView.swift */; };
/* End PBXBuildFile section */

/* Begin PBXFileReference section */
		50AB2ECD2B5FE0B2001D4D2C /* DropDownMenuTutorial.app */ = {isa = PBXFileReference; explicitFileType = wrapper.application; includeInIndex = 0; path = DropDownMenuTutorial.app; sourceTree = BUILT_PRODUCTS_DIR; };
		50AB2ED02B5FE0B2001D4D2C /* DropDownMenuTutorialApp.swift */ = {isa = PBXFileReference; lastKnownFileType = sourcecode.swift; path = DropDownMenuTutorialApp.swift; sourceTree = "<group>"; };
		50AB2ED22B5FE0B2001D4D2C /* ContentView.swift */ = {isa = PBXFileReference; lastKnownFileType = sourcecode.swift; path = ContentView.swift; sourceTree = "<group>"; };
		50AB2ED42B5FE0B3001D4D2C /* Assets.xcassets */ = {isa = PBXFileReference; lastKnownFileType = folder.assetcatalog; path = Assets.xcassets; sourceTree = "<group>"; };
		50AB2ED72B5FE0B3001D4D2C /* Preview Assets.xcassets */ = {isa = PBXFileReference; lastKnownFileType = folder.assetcatalog; path = "Preview Assets.xcassets"; sourceTree = "<group>"; };
		50AB2EE02B5FE12C001D4D2C /* DropDownView.swift */ = {isa = PBXFileReference; lastKnownFileType = sourcecode.swift; path = DropDownView.swift; sourceTree = "<group>"; };
		50AB2EE22B611852001D4D2C /* ImageSliderView.swift */ = {isa = PBXFileReference; lastKnownFileType = sourcecode.swift; path = ImageSliderView.swift; sourceTree = "<group>"; };
/* End PBXFileReference section */

/* Begin PBXFrameworksBuildPhase section */
		50AB2ECA2B5FE0B2001D4D2C /* Frameworks */ = {
			isa = PBXFrameworksBuildPhase;
			buildActionMask = 2147483647;
			files = (
			);
			runOnlyForDeploymentPostprocessing = 0;
		};
/* End PBXFrameworksBuildPhase section */

/* Begin PBXGroup section */
		50AB2EC42B5FE0B2001D4D2C = {
			isa = PBXGroup;
			children = (
				50AB2ECF2B5FE0B2001D4D2C /* DropDownMenuTutorial */,
				50AB2ECE2B5FE0B2001D4D2C /* Products */,
			);
			sourceTree = "<group>";
		};
		50AB2ECE2B5FE0B2001D4D2C /* Products */ = {
			isa = PBXGroup;
			children = (
				50AB2ECD2B5FE0B2001D4D2C /* DropDownMenuTutorial.app */,
			);
			name = Products;
			sourceTree = "<group>";
		};
		50AB2ECF2B5FE0B2001D4D2C /* DropDownMenuTutorial */ = {
			isa = PBXGroup;
			children = (
				50AB2EDE2B5FE104001D4D2C /* App */,
				50AB2EDF2B5FE107001D4D2C /* View */,
				50AB2ED42B5FE0B3001D4D2C /* Assets.xcassets */,
				50AB2ED62B5FE0B3001D4D2C /* Preview Content */,
			);
			path = DropDownMenuTutorial;
			sourceTree = "<group>";
		};
		50AB2ED62B5FE0B3001D4D2C /* Preview Content */ = {
			isa = PBXGroup;
			children = (
				50AB2ED72B5FE0B3001D4D2C /* Preview Assets.xcassets */,
			);
			path = "Preview Content";
			sourceTree = "<group>";
		};
		50AB2EDE2B5FE104001D4D2C /* App */ = {
			isa = PBXGroup;
			children = (
				50AB2ED02B5FE0B2001D4D2C /* DropDownMenuTutorialApp.swift */,
			);
			path = App;
			sourceTree = "<group>";
		};
		50AB2EDF2B5FE107001D4D2C /* View */ = {
			isa = PBXGroup;
			children = (
				50AB2ED22B5FE0B2001D4D2C /* ContentView.swift */,
				50AB2EE02B5FE12C001D4D2C /* DropDownView.swift */,
				50AB2EE22B611852001D4D2C /* ImageSliderView.swift */,
			);
			path = View;
			sourceTree = "<group>";
		};
/* End PBXGroup section */

/* Begin PBXNativeTarget section */
		50AB2ECC2B5FE0B2001D4D2C /* DropDownMenuTutorial */ = {
			isa = PBXNativeTarget;
			buildConfigurationList = 50AB2EDB2B5FE0B3001D4D2C /* Build configuration list for PBXNativeTarget "DropDownMenuTutorial" */;
			buildPhases = (
				50AB2EC92B5FE0B2001D4D2C /* Sources */,
				50AB2ECA2B5FE0B2001D4D2C /* Frameworks */,
				50AB2ECB2B5FE0B2001D4D2C /* Resources */,
			);
			buildRules = (
			);
			dependencies = (
			);
			name = DropDownMenuTutorial;
			productName = DropDownMenuTutorial;
			productReference = 50AB2ECD2B5FE0B2001D4D2C /* DropDownMenuTutorial.app */;
			productType = "com.apple.product-type.application";
		};
/* End PBXNativeTarget section */

/* Begin PBXProject section */
		50AB2EC52B5FE0B2001D4D2C /* Project object */ = {
			isa = PBXProject;
			attributes = {
				BuildIndependentTargetsInParallel = 1;
				LastSwiftUpdateCheck = 1500;
				LastUpgradeCheck = 1500;
				TargetAttributes = {
					50AB2ECC2B5FE0B2001D4D2C = {
						CreatedOnToolsVersion = 15.0;
					};
				};
			};
			buildConfigurationList = 50AB2EC82B5FE0B2001D4D2C /* Build configuration list for PBXProject "DropDownMenuTutorial" */;
			compatibilityVersion = "Xcode 14.0";
			developmentRegion = en;
			hasScannedForEncodings = 0;
			knownRegions = (
				en,
				Base,
			);
			mainGroup = 50AB2EC42B5FE0B2001D4D2C;
			productRefGroup = 50AB2ECE2B5FE0B2001D4D2C /* Products */;
			projectDirPath = "";
			projectRoot = "";
			targets = (
				50AB2ECC2B5FE0B2001D4D2C /* DropDownMenuTutorial */,
			);
		};
/* End PBXProject section */

/* Begin PBXResourcesBuildPhase section */
		50AB2ECB2B5FE0B2001D4D2C /* Resources */ = {
			isa = PBXResourcesBuildPhase;
			buildActionMask = 2147483647;
			files = (
				50AB2ED82B5FE0B3001D4D2C /* Preview Assets.xcassets in Resources */,
				50AB2ED52B5FE0B3001D4D2C /* Assets.xcassets in Resources */,
			);
			runOnlyForDeploymentPostprocessing = 0;
		};
/* End PBXResourcesBuildPhase section */

/* Begin PBXSourcesBuildPhase section */
		50AB2EC92B5FE0B2001D4D2C /* Sources */ = {
			isa = PBXSourcesBuildPhase;
			buildActionMask = 2147483647;
			files = (
				50AB2ED32B5FE0B2001D4D2C /* ContentView.swift in Sources */,
				50AB2EE32B611852001D4D2C /* ImageSliderView.swift in Sources */,
				50AB2ED12B5FE0B2001D4D2C /* DropDownMenuTutorialApp.swift in Sources */,
				50AB2EE12B5FE12C001D4D2C /* DropDownView.swift in Sources */,
			);
			runOnlyForDeploymentPostprocessing = 0;
		};
/* End PBXSourcesBuildPhase section */

/* Begin XCBuildConfiguration section */
		50AB2ED92B5FE0B3001D4D2C /* Debug */ = {
			isa = XCBuildConfiguration;
			buildSettings = {
				ALWAYS_SEARCH_USER_PATHS = NO;
				ASSETCATALOG_COMPILER_GENERATE_SWIFT_ASSET_SYMBOL_EXTENSIONS = YES;
				CLANG_ANALYZER_NONNULL = YES;
				CLANG_ANALYZER_NUMBER_OBJECT_CONVERSION = YES_AGGRESSIVE;
				CLANG_CXX_LANGUAGE_STANDARD = "gnu++20";
				CLANG_ENABLE_MODULES = YES;
				CLANG_ENABLE_OBJC_ARC = YES;
				CLANG_ENABLE_OBJC_WEAK = YES;
				CLANG_WARN_BLOCK_CAPTURE_AUTORELEASING = YES;
				CLANG_WARN_BOOL_CONVERSION = YES;
				CLANG_WARN_COMMA = YES;
				CLANG_WARN_CONSTANT_CONVERSION = YES;
				CLANG_WARN_DEPRECATED_OBJC_IMPLEMENTATIONS = YES;
				CLANG_WARN_DIRECT_OBJC_ISA_USAGE = YES_ERROR;
				CLANG_WARN_DOCUMENTATION_COMMENTS = YES;
				CLANG_WARN_EMPTY_BODY = YES;
				CLANG_WARN_ENUM_CONVERSION = YES;
				CLANG_WARN_INFINITE_RECURSION = YES;
				CLANG_WARN_INT_CONVERSION = YES;
				CLANG_WARN_NON_LITERAL_NULL_CONVERSION = YES;
				CLANG_WARN_OBJC_IMPLICIT_RETAIN_SELF = YES;
				CLANG_WARN_OBJC_LITERAL_CONVERSION = YES;
				CLANG_WARN_OBJC_ROOT_CLASS = YES_ERROR;
				CLANG_WARN_QUOTED_INCLUDE_IN_FRAMEWORK_HEADER = YES;
				CLANG_WARN_RANGE_LOOP_ANALYSIS = YES;
				CLANG_WARN_STRICT_PROTOTYPES = YES;
				CLANG_WARN_SUSPICIOUS_MOVE = YES;
				CLANG_WARN_UNGUARDED_AVAILABILITY = YES_AGGRESSIVE;
				CLANG_WARN_UNREACHABLE_CODE = YES;
				CLANG_WARN__DUPLICATE_METHOD_MATCH = YES;
				COPY_PHASE_STRIP = NO;
				DEBUG_INFORMATION_FORMAT = dwarf;
				ENABLE_STRICT_OBJC_MSGSEND = YES;
				ENABLE_TESTABILITY = YES;
				ENABLE_USER_SCRIPT_SANDBOXING = YES;
				GCC_C_LANGUAGE_STANDARD = gnu17;
				GCC_DYNAMIC_NO_PIC = NO;
				GCC_NO_COMMON_BLOCKS = YES;
				GCC_OPTIMIZATION_LEVEL = 0;
				GCC_PREPROCESSOR_DEFINITIONS = (
					"DEBUG=1",
					"$(inherited)",
				);
				GCC_WARN_64_TO_32_BIT_CONVERSION = YES;
				GCC_WARN_ABOUT_RETURN_TYPE = YES_ERROR;
				GCC_WARN_UNDECLARED_SELECTOR = YES;
				GCC_WARN_UNINITIALIZED_AUTOS = YES_AGGRESSIVE;
				GCC_WARN_UNUSED_FUNCTION = YES;
				GCC_WARN_UNUSED_VARIABLE = YES;
				IPHONEOS_DEPLOYMENT_TARGET = 17.0;
				LOCALIZATION_PREFERS_STRING_CATALOGS = YES;
				MTL_ENABLE_DEBUG_INFO = INCLUDE_SOURCE;
				MTL_FAST_MATH = YES;
				ONLY_ACTIVE_ARCH = YES;
				SDKROOT = iphoneos;
				SWIFT_ACTIVE_COMPILATION_CONDITIONS = "DEBUG $(inherited)";
				SWIFT_OPTIMIZATION_LEVEL = "-Onone";
			};
			name = Debug;
		};
		50AB2EDA2B5FE0B3001D4D2C /* Release */ = {
			isa = XCBuildConfiguration;
			buildSettings = {
				ALWAYS_SEARCH_USER_PATHS = NO;
				ASSETCATALOG_COMPILER_GENERATE_SWIFT_ASSET_SYMBOL_EXTENSIONS = YES;
				CLANG_ANALYZER_NONNULL = YES;
				CLANG_ANALYZER_NUMBER_OBJECT_CONVERSION = YES_AGGRESSIVE;
				CLANG_CXX_LANGUAGE_STANDARD = "gnu++20";
				CLANG_ENABLE_MODULES = YES;
				CLANG_ENABLE_OBJC_ARC = YES;
				CLANG_ENABLE_OBJC_WEAK = YES;
				CLANG_WARN_BLOCK_CAPTURE_AUTORELEASING = YES;
				CLANG_WARN_BOOL_CONVERSION = YES;
				CLANG_WARN_COMMA = YES;
				CLANG_WARN_CONSTANT_CONVERSION = YES;
				CLANG_WARN_DEPRECATED_OBJC_IMPLEMENTATIONS = YES;
				CLANG_WARN_DIRECT_OBJC_ISA_USAGE = YES_ERROR;
				CLANG_WARN_DOCUMENTATION_COMMENTS = YES;
				CLANG_WARN_EMPTY_BODY = YES;
				CLANG_WARN_ENUM_CONVERSION = YES;
				CLANG_WARN_INFINITE_RECURSION = YES;
				CLANG_WARN_INT_CONVERSION = YES;
				CLANG_WARN_NON_LITERAL_NULL_CONVERSION = YES;
				CLANG_WARN_OBJC_IMPLICIT_RETAIN_SELF = YES;
				CLANG_WARN_OBJC_LITERAL_CONVERSION = YES;
				CLANG_WARN_OBJC_ROOT_CLASS = YES_ERROR;
				CLANG_WARN_QUOTED_INCLUDE_IN_FRAMEWORK_HEADER = YES;
				CLANG_WARN_RANGE_LOOP_ANALYSIS = YES;
				CLANG_WARN_STRICT_PROTOTYPES = YES;
				CLANG_WARN_SUSPICIOUS_MOVE = YES;
				CLANG_WARN_UNGUARDED_AVAILABILITY = YES_AGGRESSIVE;
				CLANG_WARN_UNREACHABLE_CODE = YES;
				CLANG_WARN__DUPLICATE_METHOD_MATCH = YES;
				COPY_PHASE_STRIP = NO;
				DEBUG_INFORMATION_FORMAT = "dwarf-with-dsym";
				ENABLE_NS_ASSERTIONS = NO;
				ENABLE_STRICT_OBJC_MSGSEND = YES;
				ENABLE_USER_SCRIPT_SANDBOXING = YES;
				GCC_C_LANGUAGE_STANDARD = gnu17;
				GCC_NO_COMMON_BLOCKS = YES;
				GCC_WARN_64_TO_32_BIT_CONVERSION = YES;
				GCC_WARN_ABOUT_RETURN_TYPE = YES_ERROR;
				GCC_WARN_UNDECLARED_SELECTOR = YES;
				GCC_WARN_UNINITIALIZED_AUTOS = YES_AGGRESSIVE;
				GCC_WARN_UNUSED_FUNCTION = YES;
				GCC_WARN_UNUSED_VARIABLE = YES;
				IPHONEOS_DEPLOYMENT_TARGET = 17.0;
				LOCALIZATION_PREFERS_STRING_CATALOGS = YES;
				MTL_ENABLE_DEBUG_INFO = NO;
				MTL_FAST_MATH = YES;
				SDKROOT = iphoneos;
				SWIFT_COMPILATION_MODE = wholemodule;
				VALIDATE_PRODUCT = YES;
			};
			name = Release;
		};
		50AB2EDC2B5FE0B3001D4D2C /* Debug */ = {
			isa = XCBuildConfiguration;
			buildSettings = {
				ASSETCATALOG_COMPILER_APPICON_NAME = AppIcon;
				ASSETCATALOG_COMPILER_GLOBAL_ACCENT_COLOR_NAME = AccentColor;
				CODE_SIGN_STYLE = Automatic;
				CURRENT_PROJECT_VERSION = 1;
				DEVELOPMENT_ASSET_PATHS = "\"DropDownMenuTutorial/Preview Content\"";
				DEVELOPMENT_TEAM = H9U44JXZ42;
				ENABLE_PREVIEWS = YES;
				GENERATE_INFOPLIST_FILE = YES;
				INFOPLIST_KEY_UIApplicationSceneManifest_Generation = YES;
				INFOPLIST_KEY_UIApplicationSupportsIndirectInputEvents = YES;
				INFOPLIST_KEY_UILaunchScreen_Generation = YES;
				INFOPLIST_KEY_UISupportedInterfaceOrientations_iPad = "UIInterfaceOrientationPortrait UIInterfaceOrientationPortraitUpsideDown UIInterfaceOrientationLandscapeLeft UIInterfaceOrientationLandscapeRight";
				INFOPLIST_KEY_UISupportedInterfaceOrientations_iPhone = "UIInterfaceOrientationPortrait UIInterfaceOrientationLandscapeLeft UIInterfaceOrientationLandscapeRight";
				LD_RUNPATH_SEARCH_PATHS = (
					"$(inherited)",
					"@executable_path/Frameworks",
				);
				MARKETING_VERSION = 1.0;
				PRODUCT_BUNDLE_IDENTIFIER = elmas.DropDownMenuTutorial;
				PRODUCT_NAME = "$(TARGET_NAME)";
				SWIFT_EMIT_LOC_STRINGS = YES;
				SWIFT_VERSION = 5.0;
				TARGETED_DEVICE_FAMILY = "1,2";
			};
			name = Debug;
		};
		50AB2EDD2B5FE0B3001D4D2C /* Release */ = {
			isa = XCBuildConfiguration;
			buildSettings = {
				ASSETCATALOG_COMPILER_APPICON_NAME = AppIcon;
				ASSETCATALOG_COMPILER_GLOBAL_ACCENT_COLOR_NAME = AccentColor;
				CODE_SIGN_STYLE = Automatic;
				CURRENT_PROJECT_VERSION = 1;
				DEVELOPMENT_ASSET_PATHS = "\"DropDownMenuTutorial/Preview Content\"";
				DEVELOPMENT_TEAM = H9U44JXZ42;
				ENABLE_PREVIEWS = YES;
				GENERATE_INFOPLIST_FILE = YES;
				INFOPLIST_KEY_UIApplicationSceneManifest_Generation = YES;
				INFOPLIST_KEY_UIApplicationSupportsIndirectInputEvents = YES;
				INFOPLIST_KEY_UILaunchScreen_Generation = YES;
				INFOPLIST_KEY_UISupportedInterfaceOrientations_iPad = "UIInterfaceOrientationPortrait UIInterfaceOrientationPortraitUpsideDown UIInterfaceOrientationLandscapeLeft UIInterfaceOrientationLandscapeRight";
				INFOPLIST_KEY_UISupportedInterfaceOrientations_iPhone = "UIInterfaceOrientationPortrait UIInterfaceOrientationLandscapeLeft UIInterfaceOrientationLandscapeRight";
				LD_RUNPATH_SEARCH_PATHS = (
					"$(inherited)",
					"@executable_path/Frameworks",
				);
				MARKETING_VERSION = 1.0;
				PRODUCT_BUNDLE_IDENTIFIER = elmas.DropDownMenuTutorial;
				PRODUCT_NAME = "$(TARGET_NAME)";
				SWIFT_EMIT_LOC_STRINGS = YES;
				SWIFT_VERSION = 5.0;
				TARGETED_DEVICE_FAMILY = "1,2";
			};
			name = Release;
		};
/* End XCBuildConfiguration section */

/* Begin XCConfigurationList section */
		50AB2EC82B5FE0B2001D4D2C /* Build configuration list for PBXProject "DropDownMenuTutorial" */ = {
			isa = XCConfigurationList;
			buildConfigurations = (
				50AB2ED92B5FE0B3001D4D2C /* Debug */,
				50AB2EDA2B5FE0B3001D4D2C /* Release */,
			);
			defaultConfigurationIsVisible = 0;
			defaultConfigurationName = Release;
		};
		50AB2EDB2B5FE0B3001D4D2C /* Build configuration list for PBXNativeTarget "DropDownMenuTutorial" */ = {
			isa = XCConfigurationList;
			buildConfigurations = (
				50AB2EDC2B5FE0B3001D4D2C /* Debug */,
				50AB2EDD2B5FE0B3001D4D2C /* Release */,
			);
			defaultConfigurationIsVisible = 0;
			defaultConfigurationName = Release;
		};
/* End XCConfigurationList section */
	};
	rootObject = 50AB2EC52B5FE0B2001D4D2C /* Project object */;
}
